github.com/FireJuun/cloud-theme v0.0.0-20210623031823-d664b95297ac h1:nhQ/fdKsNipopoekwtF75bOjAF2FjCGQ2uFedHc6Ldc=
github.com/FireJuun/cloud-theme v0.0.0-20210623031823-d664b95297ac/go.mod h1:p6fooOjibKAfDtDDAS0LGf7DS+ZpDMcSmk71rXxj+Zk=
github.com/FireJuun/cloud-theme v0.0.0-20210623033642-63d84b27d50e h1:xepLriIEhOEr3O2wlER4SYL1LdYL/VBoQL3RZPIJDzc=
github.com/FireJuun/cloud-theme v0.0.0-20210623033642-63d84b27d50e/go.mod h1:p6fooOjibKAfDtDDAS0LGf7DS+ZpDMcSmk71rXxj+Zk=
github.com/FireJuun/cloud-theme v0.0.0-20210623200857-a877db6942d3 h1:cnuidqjQp/WPsfrw2X1RzxDXSaQqYMkK++WktaZTaxc=
github.com/FireJuun/cloud-theme v0.0.0-20210623200857-a877db6942d3/go.mod h1:p6fooOjibKAfDtDDAS0LGf7DS+ZpDMcSmk71rXxj+Zk=
github.com/FireJuun/cloud-theme v0.0.0-20210623201833-7ddb708d514a h1:5wWGUGUaesXoTh9g1MImd86LS2Dq5tbFIdJ9TYFiiho=
github.com/FireJuun/cloud-theme v0.0.0-20210623201833-7ddb708d514a/go.mod h1:p6fooOjibKAfDtDDAS0LGf7DS+ZpDMcSmk71rXxj+Zk=
