github.com/FireJuun/cloud-theme v0.0.0-20210623031823-d664b95297ac h1:nhQ/fdKsNipopoekwtF75bOjAF2FjCGQ2uFedHc6Ldc=
github.com/FireJuun/cloud-theme v0.0.0-20210623031823-d664b95297ac/go.mod h1:p6fooOjibKAfDtDDAS0LGf7DS+ZpDMcSmk71rXxj+Zk=
github.com/FireJuun/cloud-theme v0.0.0-20210623033642-63d84b27d50e h1:xepLriIEhOEr3O2wlER4SYL1LdYL/VBoQL3RZPIJDzc=
github.com/FireJuun/cloud-theme v0.0.0-20210623033642-63d84b27d50e/go.mod h1:p6fooOjibKAfDtDDAS0LGf7DS+ZpDMcSmk71rXxj+Zk=
github.com/FireJuun/cloud-theme v0.0.0-20210623200857-a877db6942d3 h1:cnuidqjQp/WPsfrw2X1RzxDXSaQqYMkK++WktaZTaxc=
github.com/FireJuun/cloud-theme v0.0.0-20210623200857-a877db6942d3/go.mod h1:p6fooOjibKAfDtDDAS0LGf7DS+ZpDMcSmk71rXxj+Zk=
github.com/FireJuun/cloud-theme v0.0.0-20210623201833-7ddb708d514a h1:5wWGUGUaesXoTh9g1MImd86LS2Dq5tbFIdJ9TYFiiho=
github.com/FireJuun/cloud-theme v0.0.0-20210623201833-7ddb708d514a/go.mod h1:p6fooOjibKAfDtDDAS0LGf7DS+ZpDMcSmk71rXxj+Zk=
github.com/FireJuun/cloud-theme v0.0.0-20210623202433-d5bb7fef354d h1:RCSUxpX4VMQYzcAxYV/tDOtKEMQ5fCrjgcsXi+bncYg=
github.com/FireJuun/cloud-theme v0.0.0-20210623202433-d5bb7fef354d/go.mod h1:p6fooOjibKAfDtDDAS0LGf7DS+ZpDMcSmk71rXxj+Zk=
github.com/FireJuun/cloud-theme v0.0.0-20210623202629-a40ed18dbd88 h1:+UKXbJfUHj77xkAPRx/db8cN9j37diU+LWtC3BxgBYM=
github.com/FireJuun/cloud-theme v0.0.0-20210623202629-a40ed18dbd88/go.mod h1:p6fooOjibKAfDtDDAS0LGf7DS+ZpDMcSmk71rXxj+Zk=
github.com/FireJuun/cloud-theme v0.0.0-20210623202816-1d8103fffb95 h1:FMQzNk+uQBUe7HsMgnmasqsE8kBAClljpyr4coCc3iE=
github.com/FireJuun/cloud-theme v0.0.0-20210623202816-1d8103fffb95/go.mod h1:p6fooOjibKAfDtDDAS0LGf7DS+ZpDMcSmk71rXxj+Zk=
github.com/FireJuun/cloud-theme v0.0.0-20210623203152-d3b4e9adc5f7 h1:jXjT2ySF62WyirBk6ZGL0H1SKTchrbjeXr0a2F4hb8s=
github.com/FireJuun/cloud-theme v0.0.0-20210623203152-d3b4e9adc5f7/go.mod h1:p6fooOjibKAfDtDDAS0LGf7DS+ZpDMcSmk71rXxj+Zk=
github.com/FireJuun/cloud-theme v0.0.0-20210729133428-bd5af3314442 h1:tD/hNS7sWU8fF6cPHC6tLoo2+vmxTFTIxOjpmS1yt7E=
github.com/FireJuun/cloud-theme v0.0.0-20210729133428-bd5af3314442/go.mod h1:p6fooOjibKAfDtDDAS0LGf7DS+ZpDMcSmk71rXxj+Zk=
github.com/FireJuun/cloud-theme v0.0.0-20210729182016-f87b80d4418c h1:Nk2qk1NPSOVF18j6GwoMZuXRaxLjU+JJVQIzFMvE3Pg=
github.com/FireJuun/cloud-theme v0.0.0-20210729182016-f87b80d4418c/go.mod h1:p6fooOjibKAfDtDDAS0LGf7DS+ZpDMcSmk71rXxj+Zk=
github.com/FireJuun/cloud-theme v0.0.0-20210729182557-296c7da6dcad h1:LLkWJbL9xeggkWlg/gpYBrEocLAlahCvZkDIoCdREAE=
github.com/FireJuun/cloud-theme v0.0.0-20210729182557-296c7da6dcad/go.mod h1:p6fooOjibKAfDtDDAS0LGf7DS+ZpDMcSmk71rXxj+Zk=
github.com/FireJuun/cloud-theme v0.0.0-20210730061835-3fdf90e93037 h1:4O/APR1PRuEMUcCMxGlAHFtk8pDkm7Y4pjKZZJojVn0=
github.com/FireJuun/cloud-theme v0.0.0-20210730061835-3fdf90e93037/go.mod h1:p6fooOjibKAfDtDDAS0LGf7DS+ZpDMcSmk71rXxj+Zk=
github.com/FireJuun/cloud-theme v0.0.0-20210730071217-bbeb8b3c532e h1:+3bD8wd+KT6kxhzH4ErnDZGGel6TVQGGyGPGlt6vMpM=
github.com/FireJuun/cloud-theme v0.0.0-20210730071217-bbeb8b3c532e/go.mod h1:p6fooOjibKAfDtDDAS0LGf7DS+ZpDMcSmk71rXxj+Zk=
github.com/FireJuun/cloud-theme v0.0.0-20210730071617-762d740455ac h1:5nN0Lc7Lfxq9ArG3CwC6k0AmDK6iruvxrgJlKY5RV0s=
github.com/FireJuun/cloud-theme v0.0.0-20210730071617-762d740455ac/go.mod h1:p6fooOjibKAfDtDDAS0LGf7DS+ZpDMcSmk71rXxj+Zk=
github.com/FireJuun/cloud-theme v0.0.0-20210730072935-c925bfc476d2 h1:PbXMxajU7W4KV7m22Mi0AJPh8ebf0C7h1gIv3foT9Z8=
github.com/FireJuun/cloud-theme v0.0.0-20210730072935-c925bfc476d2/go.mod h1:p6fooOjibKAfDtDDAS0LGf7DS+ZpDMcSmk71rXxj+Zk=
github.com/FireJuun/cloud-theme v0.0.0-20210730073416-dc61e921c98a h1:i0IAEpcKqSmD2VFoYia4MDL/KyTeTfCqdXgvOKzRbAg=
github.com/FireJuun/cloud-theme v0.0.0-20210730073416-dc61e921c98a/go.mod h1:p6fooOjibKAfDtDDAS0LGf7DS+ZpDMcSmk71rXxj+Zk=
github.com/FireJuun/cloud-theme v0.0.0-20210730073749-558cd455f091 h1:XBP0zuLSvhFaMhLfQPTVQrogoyyvGknYzdujVPsUNzg=
github.com/FireJuun/cloud-theme v0.0.0-20210730073749-558cd455f091/go.mod h1:p6fooOjibKAfDtDDAS0LGf7DS+ZpDMcSmk71rXxj+Zk=
github.com/FireJuun/cloud-theme v0.0.0-20210730074031-1fa6e594e8f9 h1:aipfkRs3TLv8gzNY1suenoYDOoH0T3HibeHkltjhEnE=
github.com/FireJuun/cloud-theme v0.0.0-20210730074031-1fa6e594e8f9/go.mod h1:p6fooOjibKAfDtDDAS0LGf7DS+ZpDMcSmk71rXxj+Zk=
github.com/FireJuun/cloud-theme v0.0.0-20210730074422-9280c4af9e6a h1:gszK929u9wakr7+ZbHL9vPvzZ0XUAyNLg5kx4biU19c=
github.com/FireJuun/cloud-theme v0.0.0-20210730074422-9280c4af9e6a/go.mod h1:p6fooOjibKAfDtDDAS0LGf7DS+ZpDMcSmk71rXxj+Zk=
github.com/FireJuun/cloud-theme v0.0.0-20210731225806-f52c15bf8429 h1:DwS/9tw5Msm6zORV4ddYEpFoeCN5FBzT83LrPKTRHAU=
github.com/FireJuun/cloud-theme v0.0.0-20210731225806-f52c15bf8429/go.mod h1:p6fooOjibKAfDtDDAS0LGf7DS+ZpDMcSmk71rXxj+Zk=
github.com/FireJuun/cloud-theme v0.0.0-20210902190315-92f08fee0bbc h1:a6zKnQpe2UzDPom/9HKwKeQ11hsSQHcrWNPDJ8W8WA0=
github.com/FireJuun/cloud-theme v0.0.0-20210902190315-92f08fee0bbc/go.mod h1:p6fooOjibKAfDtDDAS0LGf7DS+ZpDMcSmk71rXxj+Zk=
github.com/FireJuun/cloud-theme v0.0.0-20210902190713-c71e4e1bd807 h1:AK2DRg2RNX1KAHgpnD0LA4DjX63Fbof0Gb3Dni+rGFw=
github.com/FireJuun/cloud-theme v0.0.0-20210902190713-c71e4e1bd807/go.mod h1:p6fooOjibKAfDtDDAS0LGf7DS+ZpDMcSmk71rXxj+Zk=
github.com/FireJuun/cloud-theme v0.0.0-20210902190843-df2d3bb7e9af h1:ZyK9iMoHS0tlMd58vS4/ihNWWaQvIfm8RBt8PKycJgk=
github.com/FireJuun/cloud-theme v0.0.0-20210902190843-df2d3bb7e9af/go.mod h1:p6fooOjibKAfDtDDAS0LGf7DS+ZpDMcSmk71rXxj+Zk=
github.com/FireJuun/cloud-theme v0.0.0-20210902191155-7713ea017774 h1:9SMvYe9YYMohJlq5o2bYDIURheCdxr1znKfwAZUU/LQ=
github.com/FireJuun/cloud-theme v0.0.0-20210902191155-7713ea017774/go.mod h1:p6fooOjibKAfDtDDAS0LGf7DS+ZpDMcSmk71rXxj+Zk=
