github.com/FireJuun/cloud-theme v0.0.0-20210430041511-6c99e9b2b89d h1:s8vOgXxqiFV60S6EnAflOcx+u16hIG/F2Qq+e7kHbpw=
github.com/FireJuun/cloud-theme v0.0.0-20210430041511-6c99e9b2b89d/go.mod h1:p6fooOjibKAfDtDDAS0LGf7DS+ZpDMcSmk71rXxj+Zk=
github.com/FireJuun/cloud-theme v0.0.0-20210430062704-3eaace279b11 h1:uOWM2Klq2V0Ie4rrm+UgIA1GIHBp9f4E3bQjbXd7wHo=
github.com/FireJuun/cloud-theme v0.0.0-20210430062704-3eaace279b11/go.mod h1:p6fooOjibKAfDtDDAS0LGf7DS+ZpDMcSmk71rXxj+Zk=
